# THIS IS AN AUTOGENERATED FILE. DO NOT EDIT THIS FILE DIRECTLY.
# yarn lockfile v1


"@types/node@^11.13.7":
  version "11.13.7"
  resolved "https://registry.npm.taobao.org/@types/node/download/@types/node-11.13.7.tgz#85dbb71c510442d00c0631f99dae957ce44fd104"
  integrity sha1-hdu3HFEEQtAMBjH5na6VfORP0QQ=

antlr4ts-cli@^0.5.0-alpha.3:
  version "0.5.0-alpha.3"
  resolved "https://registry.npm.taobao.org/antlr4ts-cli/download/antlr4ts-cli-0.5.0-alpha.3.tgz#1f581b2a3c840d3921a2f3b1e739e48c7e7c18cd"
  integrity sha1-H1gbKjyEDTkhovOx5znkjH58GM0=

antlr4ts@^0.5.0-alpha.3:
  version "0.5.0-alpha.3"
  resolved "https://registry.npm.taobao.org/antlr4ts/download/antlr4ts-0.5.0-alpha.3.tgz#fa6d39d88d6b96341a8afef45867af9abcb38766"
  integrity sha1-+m052I1rljQaiv70WGevmryzh2Y=
